
Microsoft Visual Studio Solution File, Format Version 12.00
# Visual Studio Version 17
VisualStudioVersion = 17.8.34316.72
MinimumVisualStudioVersion = 10.0.40219.1
Project("{9A19103F-16F7-4668-BE54-9A1E7A4F7556}") = "UaRestGateway.Server", "UaRestGateway.Server\UaRestGateway.Server.csproj", "{C38FC3F9-5FA2-458B-959D-5DBD446B89E4}"
EndProject
Project("{54A90642-561A-4BB1-A94E-469ADEE60C69}") = "uarestgateway.client", "uarestgateway.client\uarestgateway.client.esproj", "{C50C97F4-C9B1-423B-89FD-0915D3270B7C}"
EndProject
Project("{9A19103F-16F7-4668-BE54-9A1E7A4F7556}") = "Opc.Ua.Core", "..\UaStack\Stack\Opc.Ua.Core\Opc.Ua.Core.csproj", "{5A1451D9-F51C-436A-A49F-BEDF9E92B896}"
EndProject
Project("{9A19103F-16F7-4668-BE54-9A1E7A4F7556}") = "Opc.Ua.Security.Certificates", "..\UaStack\Libraries\Opc.Ua.Security.Certificates\Opc.Ua.Security.Certificates.csproj", "{C2C972FD-DA31-4C56-A975-469C2431270B}"
EndProject
Project("{9A19103F-16F7-4668-BE54-9A1E7A4F7556}") = "Opc.Ua.Client", "..\UaStack\Libraries\Opc.Ua.Client\Opc.Ua.Client.csproj", "{561B1A72-D018-485B-AD37-27706E2E78E6}"
EndProject
Project("{2150E333-8FDC-42A3-9474-1A3956D46DE8}") = "UaStack", "UaStack", "{0678971C-A7F8-48DC-8EEC-6360C8749E77}"
EndProject
Project("{9A19103F-16F7-4668-BE54-9A1E7A4F7556}") = "Opc.Ua.Server", "..\UaStack\Libraries\Opc.Ua.Server\Opc.Ua.Server.csproj", "{68C94C36-761B-4AEB-B62E-01E4D2D5BB25}"
EndProject
Project("{9A19103F-16F7-4668-BE54-9A1E7A4F7556}") = "Opc.Ua.Configuration", "..\UaStack\Libraries\Opc.Ua.Configuration\Opc.Ua.Configuration.csproj", "{5CAB715E-20D7-49F2-BF9E-4F2874D22AA9}"
EndProject
Project("{9A19103F-16F7-4668-BE54-9A1E7A4F7556}") = "Opc.Ua.JsonEncoder.Tests", "..\UaStack\Tests\Opc.Ua.JsonEncoder.Tests\Opc.Ua.JsonEncoder.Tests.csproj", "{BD1E0EF2-0849-470D-91DB-1589E2E804CC}"
EndProject
Global
	GlobalSection(SolutionConfigurationPlatforms) = preSolution
		Debug|Any CPU = Debug|Any CPU
		Release|Any CPU = Release|Any CPU
	EndGlobalSection
	GlobalSection(ProjectConfigurationPlatforms) = postSolution
		{C38FC3F9-5FA2-458B-959D-5DBD446B89E4}.Debug|Any CPU.ActiveCfg = Debug|Any CPU
		{C38FC3F9-5FA2-458B-959D-5DBD446B89E4}.Debug|Any CPU.Build.0 = Debug|Any CPU
		{C38FC3F9-5FA2-458B-959D-5DBD446B89E4}.Release|Any CPU.ActiveCfg = Release|Any CPU
		{C38FC3F9-5FA2-458B-959D-5DBD446B89E4}.Release|Any CPU.Build.0 = Release|Any CPU
		{C50C97F4-C9B1-423B-89FD-0915D3270B7C}.Debug|Any CPU.ActiveCfg = Debug|Any CPU
		{C50C97F4-C9B1-423B-89FD-0915D3270B7C}.Debug|Any CPU.Build.0 = Debug|Any CPU
		{C50C97F4-C9B1-423B-89FD-0915D3270B7C}.Debug|Any CPU.Deploy.0 = Debug|Any CPU
		{C50C97F4-C9B1-423B-89FD-0915D3270B7C}.Release|Any CPU.ActiveCfg = Release|Any CPU
		{C50C97F4-C9B1-423B-89FD-0915D3270B7C}.Release|Any CPU.Build.0 = Release|Any CPU
		{C50C97F4-C9B1-423B-89FD-0915D3270B7C}.Release|Any CPU.Deploy.0 = Release|Any CPU
		{5A1451D9-F51C-436A-A49F-BEDF9E92B896}.Debug|Any CPU.ActiveCfg = Debug|Any CPU
		{5A1451D9-F51C-436A-A49F-BEDF9E92B896}.Debug|Any CPU.Build.0 = Debug|Any CPU
		{5A1451D9-F51C-436A-A49F-BEDF9E92B896}.Release|Any CPU.ActiveCfg = Release|Any CPU
		{5A1451D9-F51C-436A-A49F-BEDF9E92B896}.Release|Any CPU.Build.0 = Release|Any CPU
		{C2C972FD-DA31-4C56-A975-469C2431270B}.Debug|Any CPU.ActiveCfg = Debug|Any CPU
		{C2C972FD-DA31-4C56-A975-469C2431270B}.Debug|Any CPU.Build.0 = Debug|Any CPU
		{C2C972FD-DA31-4C56-A975-469C2431270B}.Release|Any CPU.ActiveCfg = Release|Any CPU
		{C2C972FD-DA31-4C56-A975-469C2431270B}.Release|Any CPU.Build.0 = Release|Any CPU
		{561B1A72-D018-485B-AD37-27706E2E78E6}.Debug|Any CPU.ActiveCfg = Debug|Any CPU
		{561B1A72-D018-485B-AD37-27706E2E78E6}.Debug|Any CPU.Build.0 = Debug|Any CPU
		{561B1A72-D018-485B-AD37-27706E2E78E6}.Release|Any CPU.ActiveCfg = Release|Any CPU
		{561B1A72-D018-485B-AD37-27706E2E78E6}.Release|Any CPU.Build.0 = Release|Any CPU
		{68C94C36-761B-4AEB-B62E-01E4D2D5BB25}.Debug|Any CPU.ActiveCfg = Debug|Any CPU
		{68C94C36-761B-4AEB-B62E-01E4D2D5BB25}.Debug|Any CPU.Build.0 = Debug|Any CPU
		{68C94C36-761B-4AEB-B62E-01E4D2D5BB25}.Release|Any CPU.ActiveCfg = Release|Any CPU
		{68C94C36-761B-4AEB-B62E-01E4D2D5BB25}.Release|Any CPU.Build.0 = Release|Any CPU
		{5CAB715E-20D7-49F2-BF9E-4F2874D22AA9}.Debug|Any CPU.ActiveCfg = Debug|Any CPU
		{5CAB715E-20D7-49F2-BF9E-4F2874D22AA9}.Debug|Any CPU.Build.0 = Debug|Any CPU
		{5CAB715E-20D7-49F2-BF9E-4F2874D22AA9}.Release|Any CPU.ActiveCfg = Release|Any CPU
		{5CAB715E-20D7-49F2-BF9E-4F2874D22AA9}.Release|Any CPU.Build.0 = Release|Any CPU
		{BD1E0EF2-0849-470D-91DB-1589E2E804CC}.Debug|Any CPU.ActiveCfg = Debug|Any CPU
		{BD1E0EF2-0849-470D-91DB-1589E2E804CC}.Debug|Any CPU.Build.0 = Debug|Any CPU
		{BD1E0EF2-0849-470D-91DB-1589E2E804CC}.Release|Any CPU.ActiveCfg = Release|Any CPU
		{BD1E0EF2-0849-470D-91DB-1589E2E804CC}.Release|Any CPU.Build.0 = Release|Any CPU
	EndGlobalSection
	GlobalSection(SolutionProperties) = preSolution
		HideSolutionNode = FALSE
	EndGlobalSection
	GlobalSection(NestedProjects) = preSolution
		{5A1451D9-F51C-436A-A49F-BEDF9E92B896} = {0678971C-A7F8-48DC-8EEC-6360C8749E77}
		{C2C972FD-DA31-4C56-A975-469C2431270B} = {0678971C-A7F8-48DC-8EEC-6360C8749E77}
		{561B1A72-D018-485B-AD37-27706E2E78E6} = {0678971C-A7F8-48DC-8EEC-6360C8749E77}
		{68C94C36-761B-4AEB-B62E-01E4D2D5BB25} = {0678971C-A7F8-48DC-8EEC-6360C8749E77}
		{5CAB715E-20D7-49F2-BF9E-4F2874D22AA9} = {0678971C-A7F8-48DC-8EEC-6360C8749E77}
		{BD1E0EF2-0849-470D-91DB-1589E2E804CC} = {0678971C-A7F8-48DC-8EEC-6360C8749E77}
	EndGlobalSection
	GlobalSection(ExtensibilityGlobals) = postSolution
		SolutionGuid = {6B3FB3A6-051D-402F-8B6D-CF5231EFAFD2}
	EndGlobalSection
EndGlobal
