{
  "name": "UaWebApiGateway",
  "lockfileVersion": 3,
  "requires": true,
  "packages": {
    "": {
      "dependencies": {
        "@aas-core-works/aas-core3.0-typescript": "^1.0.3"
      }
    },
    "node_modules/@aas-core-works/aas-core3.0-typescript": {
      "version": "1.0.3",
      "resolved": "https://registry.npmjs.org/@aas-core-works/aas-core3.0-typescript/-/aas-core3.0-typescript-1.0.3.tgz",
      "integrity": "sha512-ZS2Fijmy3SzVYngA/p5Uiv2hBPZRxm89G1Y3TPzs7uRi/cyf+A0LZppsNvcybL87EdjZscFoZLsCyGrg1uiDVA==",
      "license": "MIT"
    }
  }
}
